Microsoft Visual Studio Solution File, Format Version 12.00
# Visual Studio Version 17
VisualStudioVersion = 17.5.2.0
MinimumVisualStudioVersion = 10.0.40219.1
Project("{FAE04EC0-301F-11D3-BF4B-00C04F79EFBC}") = "EmpleadoApp", "EmpleadoApp.csproj", "{1FE8FAB2-9EC5-56F4-FE8E-38E2FE4C73D3}"
EndProject
Global
	GlobalSection(SolutionConfigurationPlatforms) = preSolution
		Debug|Any CPU = Debug|Any CPU
		Release|Any CPU = Release|Any CPU
	EndGlobalSection
	GlobalSection(ProjectConfigurationPlatforms) = postSolution
		{1FE8FAB2-9EC5-56F4-FE8E-38E2FE4C73D3}.Debug|Any CPU.ActiveCfg = Debug|Any CPU
		{1FE8FAB2-9EC5-56F4-FE8E-38E2FE4C73D3}.Debug|Any CPU.Build.0 = Debug|Any CPU
		{1FE8FAB2-9EC5-56F4-FE8E-38E2FE4C73D3}.Release|Any CPU.ActiveCfg = Release|Any CPU
		{1FE8FAB2-9EC5-56F4-FE8E-38E2FE4C73D3}.Release|Any CPU.Build.0 = Release|Any CPU
	EndGlobalSection
	GlobalSection(SolutionProperties) = preSolution
		HideSolutionNode = FALSE
	EndGlobalSection
	GlobalSection(ExtensibilityGlobals) = postSolution
		SolutionGuid = {54026CF5-A7E9-40BC-A8F4-31C41BC4E0F7}
	EndGlobalSection
EndGlobal
